
Microsoft Visual Studio Solution File, Format Version 12.00
# Visual Studio Version 17
VisualStudioVersion = 17.0.32126.317
MinimumVisualStudioVersion = 10.0.40219.1
Project("{FAE04EC0-301F-11D3-BF4B-00C04F79EFBC}") = "AdvertApi", "AdvertApi.csproj", "{83D5C123-E2E1-4832-8700-27D5AB02B8EE}"
EndProject
Project("{FAE04EC0-301F-11D3-BF4B-00C04F79EFBC}") = "AdvertApi.Models", "..\AdvertApi.Models\AdvertApi.Models.csproj", "{C415947B-5D82-4651-8E62-FB2269677EBB}"
EndProject
Global
	GlobalSection(SolutionConfigurationPlatforms) = preSolution
		Debug|Any CPU = Debug|Any CPU
		Release|Any CPU = Release|Any CPU
	EndGlobalSection
	GlobalSection(ProjectConfigurationPlatforms) = postSolution
		{83D5C123-E2E1-4832-8700-27D5AB02B8EE}.Debug|Any CPU.ActiveCfg = Debug|Any CPU
		{83D5C123-E2E1-4832-8700-27D5AB02B8EE}.Debug|Any CPU.Build.0 = Debug|Any CPU
		{83D5C123-E2E1-4832-8700-27D5AB02B8EE}.Release|Any CPU.ActiveCfg = Release|Any CPU
		{83D5C123-E2E1-4832-8700-27D5AB02B8EE}.Release|Any CPU.Build.0 = Release|Any CPU
		{C415947B-5D82-4651-8E62-FB2269677EBB}.Debug|Any CPU.ActiveCfg = Debug|Any CPU
		{C415947B-5D82-4651-8E62-FB2269677EBB}.Debug|Any CPU.Build.0 = Debug|Any CPU
		{C415947B-5D82-4651-8E62-FB2269677EBB}.Release|Any CPU.ActiveCfg = Release|Any CPU
		{C415947B-5D82-4651-8E62-FB2269677EBB}.Release|Any CPU.Build.0 = Release|Any CPU
	EndGlobalSection
	GlobalSection(SolutionProperties) = preSolution
		HideSolutionNode = FALSE
	EndGlobalSection
	GlobalSection(ExtensibilityGlobals) = postSolution
		SolutionGuid = {97AA3693-C9E7-49FC-A90E-FF805D1F73F4}
	EndGlobalSection
EndGlobal
